
Microsoft Visual Studio Solution File, Format Version 12.00
# Visual Studio Version 17
VisualStudioVersion = 17.1.32210.238
MinimumVisualStudioVersion = 10.0.40219.1
Project("{FAE04EC0-301F-11D3-BF4B-00C04F79EFBC}") = "DecimalGeometry", "DecimalGeometry.csproj", "{29474093-4225-4F68-97E2-833E9FA375E3}"
EndProject
Global
	GlobalSection(SolutionConfigurationPlatforms) = preSolution
		Debug|Any CPU = Debug|Any CPU
		Release|Any CPU = Release|Any CPU
	EndGlobalSection
	GlobalSection(ProjectConfigurationPlatforms) = postSolution
		{29474093-4225-4F68-97E2-833E9FA375E3}.Debug|Any CPU.ActiveCfg = Debug|Any CPU
		{29474093-4225-4F68-97E2-833E9FA375E3}.Debug|Any CPU.Build.0 = Debug|Any CPU
		{29474093-4225-4F68-97E2-833E9FA375E3}.Release|Any CPU.ActiveCfg = Release|Any CPU
		{29474093-4225-4F68-97E2-833E9FA375E3}.Release|Any CPU.Build.0 = Release|Any CPU
	EndGlobalSection
	GlobalSection(SolutionProperties) = preSolution
		HideSolutionNode = FALSE
	EndGlobalSection
	GlobalSection(ExtensibilityGlobals) = postSolution
		SolutionGuid = {04103244-0A4E-4F3B-8997-2F0C2FFF0787}
	EndGlobalSection
EndGlobal
